
Microsoft Visual Studio Solution File, Format Version 12.00
# Visual Studio Version 17
VisualStudioVersion = 17.6.33815.320
MinimumVisualStudioVersion = 10.0.40219.1
Project("{FAE04EC0-301F-11D3-BF4B-00C04F79EFBC}") = "Day2Assignment", "Day2Assignment\Day2Assignment.csproj", "{B84BE84B-3AA2-4BCA-A460-0F8D08BA667E}"
EndProject
Global
	GlobalSection(SolutionConfigurationPlatforms) = preSolution
		Debug|Any CPU = Debug|Any CPU
		Release|Any CPU = Release|Any CPU
	EndGlobalSection
	GlobalSection(ProjectConfigurationPlatforms) = postSolution
		{B84BE84B-3AA2-4BCA-A460-0F8D08BA667E}.Debug|Any CPU.ActiveCfg = Debug|Any CPU
		{B84BE84B-3AA2-4BCA-A460-0F8D08BA667E}.Debug|Any CPU.Build.0 = Debug|Any CPU
		{B84BE84B-3AA2-4BCA-A460-0F8D08BA667E}.Release|Any CPU.ActiveCfg = Release|Any CPU
		{B84BE84B-3AA2-4BCA-A460-0F8D08BA667E}.Release|Any CPU.Build.0 = Release|Any CPU
	EndGlobalSection
	GlobalSection(SolutionProperties) = preSolution
		HideSolutionNode = FALSE
	EndGlobalSection
	GlobalSection(ExtensibilityGlobals) = postSolution
		SolutionGuid = {59D35BE1-6566-48F5-8D25-EC9024D109B4}
	EndGlobalSection
EndGlobal
